
Microsoft Visual Studio Solution File, Format Version 12.00
# Visual Studio Version 17
VisualStudioVersion = 17.8.34330.188
MinimumVisualStudioVersion = 10.0.40219.1
Project("{FAE04EC0-301F-11D3-BF4B-00C04F79EFBC}") = "FutureValue", "FutureValue.csproj", "{9E1CC9A6-BF58-48C1-82FC-09D8D8E94E4F}"
EndProject
Global
	GlobalSection(SolutionConfigurationPlatforms) = preSolution
		Debug|Any CPU = Debug|Any CPU
		Release|Any CPU = Release|Any CPU
	EndGlobalSection
	GlobalSection(ProjectConfigurationPlatforms) = postSolution
		{9E1CC9A6-BF58-48C1-82FC-09D8D8E94E4F}.Debug|Any CPU.ActiveCfg = Debug|Any CPU
		{9E1CC9A6-BF58-48C1-82FC-09D8D8E94E4F}.Debug|Any CPU.Build.0 = Debug|Any CPU
		{9E1CC9A6-BF58-48C1-82FC-09D8D8E94E4F}.Release|Any CPU.ActiveCfg = Release|Any CPU
		{9E1CC9A6-BF58-48C1-82FC-09D8D8E94E4F}.Release|Any CPU.Build.0 = Release|Any CPU
	EndGlobalSection
	GlobalSection(SolutionProperties) = preSolution
		HideSolutionNode = FALSE
	EndGlobalSection
	GlobalSection(ExtensibilityGlobals) = postSolution
		SolutionGuid = {11E1974F-E992-4A1C-8B9A-9A27DCBC993B}
	EndGlobalSection
EndGlobal
